<?xml version="1.0" encoding="utf-8"?>
<Project ToolsVersion="4.0" xmlns="http://schemas.microsoft.com/developer/msbuild/2003">
  <ItemGroup>
    <Filter Include="Source Files">
      <UniqueIdentifier>{4FC737F1-C7A5-4376-A066-2A32D752A2FF}</UniqueIdentifier>
      <Extensions>cpp;c;cc;cxx;def;odl;idl;hpj;bat;asm;asmx</Extensions>
    </Filter>
    <Filter Include="Header Files">
      <UniqueIdentifier>{93995380-89BD-4b04-88EB-625FBE52EBFB}</UniqueIdentifier>
      <Extensions>h;hh;hpp;hxx;hm;inl;inc;xsd</Extensions>
    </Filter>
    <Filter Include="Source Files\allocator">
      <UniqueIdentifier>{ba33ab04-623c-4d30-96fc-c52f594787e3}</UniqueIdentifier>
    </Filter>
    <Filter Include="Header Files\allocator">
      <UniqueIdentifier>{015a412a-ff0f-4a96-9cac-732b9a4b27e5}</UniqueIdentifier>
    </Filter>
    <Filter Include="Header Files\config">
      <UniqueIdentifier>{7d9213de-9490-43cd-ae72-a1a17a06b72a}</UniqueIdentifier>
    </Filter>
    <Filter Include="Header Files\MT/Util">
      <UniqueIdentifier>{0ba45bdc-78df-4f19-b352-d5b377c7b08b}</UniqueIdentifier>
    </Filter>
    <Filter Include="Header Files\Exception">
      <UniqueIdentifier>{053cf740-bfd7-4e71-8403-1c6154e4c3e8}</UniqueIdentifier>
    </Filter>
    <Filter Include="Header Files\time">
      <UniqueIdentifier>{a0e8d326-789e-4201-ba2f-2bd68c5c0e87}</UniqueIdentifier>
    </Filter>
    <Filter Include="Source Files\time">
      <UniqueIdentifier>{cf3d4e54-2d03-4a8d-a8ad-d01e101908d7}</UniqueIdentifier>
    </Filter>
    <Filter Include="Header Files\Logging">
      <UniqueIdentifier>{558edb1c-0a19-4a6d-95b7-22a170899fe1}</UniqueIdentifier>
    </Filter>
    <Filter Include="Source Files\Logging">
      <UniqueIdentifier>{491eb094-9e8c-4303-b210-d57e6750dfd8}</UniqueIdentifier>
    </Filter>
    <Filter Include="Header Files\gui">
      <UniqueIdentifier>{78e86893-f7d2-4366-9c1a-c8fec2e8396a}</UniqueIdentifier>
    </Filter>
    <Filter Include="Source Files\gui">
      <UniqueIdentifier>{0f839674-af7a-430e-bd28-6ec151c8a7b2}</UniqueIdentifier>
    </Filter>
    <Filter Include="Header Files\debug">
      <UniqueIdentifier>{a2598c08-792d-4dd4-961a-20bfbcbf975a}</UniqueIdentifier>
    </Filter>
    <Filter Include="Source Files\debug">
      <UniqueIdentifier>{8c77c29f-e579-471c-835c-86dd6972b513}</UniqueIdentifier>
    </Filter>
    <Filter Include="Header Files\sqldb">
      <UniqueIdentifier>{7c0bd20b-8d6e-4855-a8ec-bfb3c0604364}</UniqueIdentifier>
    </Filter>
    <Filter Include="Source Files\sqldb">
      <UniqueIdentifier>{0bdbf8a3-a804-471c-8a86-1b28da0e7637}</UniqueIdentifier>
    </Filter>
    <Filter Include="Header Files\MT/Util\SList">
      <UniqueIdentifier>{a6e6cb78-b473-452b-b09e-997f7718a8b4}</UniqueIdentifier>
    </Filter>
    <Filter Include="Header Files\network">
      <UniqueIdentifier>{c1470966-c1e3-4d1a-b913-7dc831b0706c}</UniqueIdentifier>
    </Filter>
    <Filter Include="Source Files\network">
      <UniqueIdentifier>{66aad990-d10e-449f-adb9-3becf808693e}</UniqueIdentifier>
    </Filter>
  </ItemGroup>
  <ItemGroup>
    <ClCompile Include="rgcore.cpp">
      <Filter>Source Files</Filter>
    </ClCompile>
    <ClCompile Include="stdafx.cpp">
      <Filter>Source Files</Filter>
    </ClCompile>
    <ClCompile Include="roalloc.cpp">
      <Filter>Source Files\allocator</Filter>
    </ClCompile>
    <ClCompile Include="Logging\logger.cpp">
      <Filter>Source Files\Logging</Filter>
    </ClCompile>
    <ClCompile Include="Logging\coreLogger.cpp">
      <Filter>Source Files\Logging</Filter>
    </ClCompile>
    <ClCompile Include="Logging\globalLoggerDefines.cpp">
      <Filter>Source Files\Logging</Filter>
    </ClCompile>
    <ClCompile Include="gui\win_ui.cpp">
      <Filter>Source Files\gui</Filter>
    </ClCompile>
    <ClCompile Include="debug\debug.cpp">
      <Filter>Source Files\debug</Filter>
    </ClCompile>
    <ClCompile Include="Time\tick.cpp">
      <Filter>Source Files\time</Filter>
    </ClCompile>
    <ClCompile Include="Time\Timer.cpp">
      <Filter>Source Files\time</Filter>
    </ClCompile>
    <ClCompile Include="sqldb\syncDB.cpp">
      <Filter>Source Files\sqldb</Filter>
    </ClCompile>
    <ClCompile Include="sqldb\asyncDB.cpp">
      <Filter>Source Files\sqldb</Filter>
    </ClCompile>
    <ClCompile Include="network\netBuffer.cpp">
      <Filter>Source Files\network</Filter>
    </ClCompile>
    <ClCompile Include="network\PendingIO.cpp">
      <Filter>Source Files\network</Filter>
    </ClCompile>
    <ClCompile Include="network\rgNet.cpp">
      <Filter>Source Files\network</Filter>
    </ClCompile>
  </ItemGroup>
  <ItemGroup>
    <ClInclude Include="stdafx.h">
      <Filter>Header Files</Filter>
    </ClInclude>
    <ClInclude Include="pool.hpp">
      <Filter>Header Files\allocator</Filter>
    </ClInclude>
    <ClInclude Include="roalloc.h">
      <Filter>Header Files\allocator</Filter>
    </ClInclude>
    <ClInclude Include="..\config\rgcore.h">
      <Filter>Header Files\config</Filter>
    </ClInclude>
    <ClInclude Include="arch.h">
      <Filter>Header Files</Filter>
    </ClInclude>
    <ClInclude Include="mt_util\atomic.hpp">
      <Filter>Header Files\MT/Util</Filter>
    </ClInclude>
    <ClInclude Include="mt_util\box.hpp">
      <Filter>Header Files\MT/Util</Filter>
    </ClInclude>
    <ClInclude Include="mt_util\cond.hpp">
      <Filter>Header Files\MT/Util</Filter>
    </ClInclude>
    <ClInclude Include="mt_util\dynLib.hpp">
      <Filter>Header Files\MT/Util</Filter>
    </ClInclude>
    <ClInclude Include="mt_util\getpagesize.hpp">
      <Filter>Header Files\MT/Util</Filter>
    </ClInclude>
    <ClInclude Include="mt_util\mutex.hpp">
      <Filter>Header Files\MT/Util</Filter>
    </ClInclude>
    <ClInclude Include="mt_util\os.h">
      <Filter>Header Files\MT/Util</Filter>
    </ClInclude>
    <ClInclude Include="mt_util\stackbase.hpp">
      <Filter>Header Files\MT/Util</Filter>
    </ClInclude>
    <ClInclude Include="mt_util\thread.hpp">
      <Filter>Header Files\MT/Util</Filter>
    </ClInclude>
    <ClInclude Include="exception\Exception.hpp">
      <Filter>Header Files\Exception</Filter>
    </ClInclude>
    <ClInclude Include="exception\fatal.h">
      <Filter>Header Files\Exception</Filter>
    </ClInclude>
    <ClInclude Include="ini.hpp">
      <Filter>Header Files\config</Filter>
    </ClInclude>
    <ClInclude Include="Logging\ILogger.h">
      <Filter>Header Files\Logging</Filter>
    </ClInclude>
    <ClInclude Include="Logging\logger.h">
      <Filter>Header Files\Logging</Filter>
    </ClInclude>
    <ClInclude Include="Logging\coreLogger.h">
      <Filter>Header Files\Logging</Filter>
    </ClInclude>
    <ClInclude Include="Logging\globalLoggerDefines.h">
      <Filter>Header Files\Logging</Filter>
    </ClInclude>
    <ClInclude Include="gui\win_ui.h">
      <Filter>Header Files\gui</Filter>
    </ClInclude>
    <ClInclude Include="rgcore_api.h">
      <Filter>Header Files</Filter>
    </ClInclude>
    <ClInclude Include="rgcore.h">
      <Filter>Header Files</Filter>
    </ClInclude>
    <ClInclude Include="debug\debug.h">
      <Filter>Header Files\debug</Filter>
    </ClInclude>
    <ClInclude Include="Time\tick.h">
      <Filter>Header Files\time</Filter>
    </ClInclude>
    <ClInclude Include="Time\Timer.h">
      <Filter>Header Files\time</Filter>
    </ClInclude>
    <ClInclude Include="sqldb\syncDB.h">
      <Filter>Header Files\sqldb</Filter>
    </ClInclude>
    <ClInclude Include="sqldb\asyncDB.h">
      <Filter>Header Files\sqldb</Filter>
    </ClInclude>
    <ClInclude Include="mt_util\atomicSList.hpp">
      <Filter>Header Files\MT/Util\SList</Filter>
    </ClInclude>
    <ClInclude Include="mt_util\atomicSList64.hpp">
      <Filter>Header Files\MT/Util\SList</Filter>
    </ClInclude>
    <ClInclude Include="network\netBuffer.h">
      <Filter>Header Files\network</Filter>
    </ClInclude>
    <ClInclude Include="network\PendingIO.h">
      <Filter>Header Files\network</Filter>
    </ClInclude>
    <ClInclude Include="network\rgNet.h">
      <Filter>Header Files\network</Filter>
    </ClInclude>
  </ItemGroup>
</Project>